<?xml version="1.0" encoding="utf-8"?>
<Project ToolsVersion="4.0" xmlns="http://schemas.microsoft.com/developer/msbuild/2003">
  <ItemGroup>
    <Filter Include="Main">
      <UniqueIdentifier>{b60185dd-f1b2-4fd6-b89e-d7f287680a17}</UniqueIdentifier>
    </Filter>
    <Filter Include="Network">
      <UniqueIdentifier>{9257f927-2bc1-4f57-b196-5352fe1ee0bd}</UniqueIdentifier>
    </Filter>
  </ItemGroup>
  <ItemGroup>
    <ClCompile Include="Main.cpp">
      <Filter>Main</Filter>
    </ClCompile>
    <ClCompile Include="LanClient.cpp">
      <Filter>Network</Filter>
    </ClCompile>
    <ClCompile Include="Network.cpp" />
  </ItemGroup>
  <ItemGroup>
    <ClInclude Include="LanClient.h">
      <Filter>Network</Filter>
    </ClInclude>
    <ClInclude Include="Network.h" />
  </ItemGroup>
</Project>