
Microsoft Visual Studio Solution File, Format Version 12.00
# Visual Studio Version 17
VisualStudioVersion = 17.3.32804.467
MinimumVisualStudioVersion = 10.0.40219.1
Project("{8BC9CEB8-8B4A-11D0-8D11-00A0C91BC942}") = "LanServer", "LanServer.vcxproj", "{F90A0C93-1AAB-4DE2-8183-F5F185332769}"
EndProject
Global
	GlobalSection(SolutionConfigurationPlatforms) = preSolution
		Debug|x64 = Debug|x64
		Debug|x86 = Debug|x86
		Release|x64 = Release|x64
		Release|x86 = Release|x86
	EndGlobalSection
	GlobalSection(ProjectConfigurationPlatforms) = postSolution
		{F90A0C93-1AAB-4DE2-8183-F5F185332769}.Debug|x64.ActiveCfg = Debug|x64
		{F90A0C93-1AAB-4DE2-8183-F5F185332769}.Debug|x64.Build.0 = Debug|x64
		{F90A0C93-1AAB-4DE2-8183-F5F185332769}.Debug|x86.ActiveCfg = Debug|Win32
		{F90A0C93-1AAB-4DE2-8183-F5F185332769}.Debug|x86.Build.0 = Debug|Win32
		{F90A0C93-1AAB-4DE2-8183-F5F185332769}.Release|x64.ActiveCfg = Release|x64
		{F90A0C93-1AAB-4DE2-8183-F5F185332769}.Release|x64.Build.0 = Release|x64
		{F90A0C93-1AAB-4DE2-8183-F5F185332769}.Release|x86.ActiveCfg = Release|Win32
		{F90A0C93-1AAB-4DE2-8183-F5F185332769}.Release|x86.Build.0 = Release|Win32
	EndGlobalSection
	GlobalSection(SolutionProperties) = preSolution
		HideSolutionNode = FALSE
	EndGlobalSection
	GlobalSection(ExtensibilityGlobals) = postSolution
		SolutionGuid = {A13E39E4-6E58-46AA-8253-1282184F1A20}
	EndGlobalSection
EndGlobal
